
Microsoft Visual Studio Solution File, Format Version 12.00
# Visual Studio Version 17
VisualStudioVersion = 17.14.36401.2
MinimumVisualStudioVersion = 10.0.40219.1
Project("{2150E333-8FDC-42A3-9474-1A3956D46DE8}") = "Solution Items", "Solution Items", "{8EC462FD-D22E-90A8-E5CE-7E832BA40C5D}"
	ProjectSection(SolutionItems) = preProject
		.editorconfig = .editorconfig
		Directory.Build.props = Directory.Build.props
		Directory.Packages.props = Directory.Packages.props
	EndProjectSection
EndProject
Project("{2150E333-8FDC-42A3-9474-1A3956D46DE8}") = "src", "src", "{02EA681E-C7D8-13C7-8484-4AC65E1B71E8}"
EndProject
Project("{2150E333-8FDC-42A3-9474-1A3956D46DE8}") = "Modules", "Modules", "{95E2672C-7D03-40A9-8100-FD2921231695}"
EndProject
Project("{2150E333-8FDC-42A3-9474-1A3956D46DE8}") = "Users", "Users", "{7DCEA063-2A52-451B-A80A-E9CC0F50F999}"
EndProject
Project("{2150E333-8FDC-42A3-9474-1A3956D46DE8}") = "Resumes", "Resumes", "{060A5F4A-027A-4DB2-84D8-57AB8CD97B0A}"
EndProject
Project("{2150E333-8FDC-42A3-9474-1A3956D46DE8}") = "AI", "AI", "{396C0D7C-55B8-4DAD-8350-742400AA7D65}"
EndProject
Project("{FAE04EC0-301F-11D3-BF4B-00C04F79EFBC}") = "Module.Users.Domain", "src\Modules\Users\Module.Users.Domain\Module.Users.Domain.csproj", "{F2A1093B-F677-46C7-8FEC-774584222391}"
EndProject
Project("{FAE04EC0-301F-11D3-BF4B-00C04F79EFBC}") = "Module.Users.Application", "src\Modules\Users\Module.Users.Application\Module.Users.Application.csproj", "{02704094-A611-49A8-B98A-A2E98484F5C7}"
EndProject
Project("{FAE04EC0-301F-11D3-BF4B-00C04F79EFBC}") = "Module.Users.Infrastructure", "src\Modules\Users\Module.Users.Infrastructure\Module.Users.Infrastructure.csproj", "{A6459720-3E4D-4A1C-8F6E-82E562497F11}"
EndProject
Project("{2150E333-8FDC-42A3-9474-1A3956D46DE8}") = "Common", "Common", "{0E7F6D28-50E0-4E6C-AA2E-70F11961D271}"
EndProject
Project("{FAE04EC0-301F-11D3-BF4B-00C04F79EFBC}") = "SharedKernel", "src\Common\SharedKernel\SharedKernel.csproj", "{6E418ABF-EF53-D33A-C078-59CFB4D0E7DA}"
EndProject
Project("{FAE04EC0-301F-11D3-BF4B-00C04F79EFBC}") = "Module.Users.Endpoints", "src\Modules\Users\Module.Users.Endpoints\Module.Users.Endpoints.csproj", "{47FEE801-6BB4-406C-97E2-F640C62822FC}"
EndProject
Project("{FAE04EC0-301F-11D3-BF4B-00C04F79EFBC}") = "Backend", "src\Backend\Backend.csproj", "{1A54C3FC-900B-AAEA-3502-101EF4241700}"
EndProject
Project("{FAE04EC0-301F-11D3-BF4B-00C04F79EFBC}") = "Module.Resumes.Domain", "src\Modules\Resumes\Module.Resumes.Domain\Module.Resumes.Domain.csproj", "{5615B7B1-ECC0-F755-468D-5463682CF3B7}"
EndProject
Project("{FAE04EC0-301F-11D3-BF4B-00C04F79EFBC}") = "Module.Resumes.Application", "src\Modules\Resumes\Module.Resumes.Application\Module.Resumes.Application.csproj", "{7C2AA9BE-822C-143E-1EDD-8E51C7A4BE42}"
EndProject
Project("{FAE04EC0-301F-11D3-BF4B-00C04F79EFBC}") = "Module.Resumes.Infrastructure", "src\Modules\Resumes\Module.Resumes.Infrastructure\Module.Resumes.Infrastructure.csproj", "{ED8E860C-C749-C6DB-D3FB-82FE672885BA}"
EndProject
Project("{FAE04EC0-301F-11D3-BF4B-00C04F79EFBC}") = "Module.Resumes.Endpoints", "src\Modules\Resumes\Module.Resumes.Endpoints\Module.Resumes.Endpoints.csproj", "{8FAF4AC5-D5A8-8A87-7790-15E779541B59}"
EndProject
Project("{FAE04EC0-301F-11D3-BF4B-00C04F79EFBC}") = "Module.AI.Domain", "src\Modules\AI\Module.AI.Domain\Module.AI.Domain.csproj", "{BD738452-83FF-4136-BBC9-31108B66E916}"
EndProject
Project("{FAE04EC0-301F-11D3-BF4B-00C04F79EFBC}") = "Module.AI.Application", "src\Modules\AI\Module.AI.Application\Module.AI.Application.csproj", "{0E8A84B2-0302-612B-CAE3-A2470D557EE0}"
EndProject
Project("{FAE04EC0-301F-11D3-BF4B-00C04F79EFBC}") = "Module.AI.Infrastructure", "src\Modules\AI\Module.AI.Infrastructure\Module.AI.Infrastructure.csproj", "{226E395B-45AF-A62B-18F0-51A98746C863}"
EndProject
Project("{FAE04EC0-301F-11D3-BF4B-00C04F79EFBC}") = "Module.AI.Endpoints", "src\Modules\AI\Module.AI.Endpoints\Module.AI.Endpoints.csproj", "{D1BD588D-C848-4E65-3ACA-5611FA00266D}"
EndProject
Global
	GlobalSection(SolutionConfigurationPlatforms) = preSolution
		Debug|Any CPU = Debug|Any CPU
		Release|Any CPU = Release|Any CPU
	EndGlobalSection
	GlobalSection(ProjectConfigurationPlatforms) = postSolution
		{F2A1093B-F677-46C7-8FEC-774584222391}.Debug|Any CPU.ActiveCfg = Debug|Any CPU
		{F2A1093B-F677-46C7-8FEC-774584222391}.Debug|Any CPU.Build.0 = Debug|Any CPU
		{F2A1093B-F677-46C7-8FEC-774584222391}.Release|Any CPU.ActiveCfg = Release|Any CPU
		{F2A1093B-F677-46C7-8FEC-774584222391}.Release|Any CPU.Build.0 = Release|Any CPU
		{02704094-A611-49A8-B98A-A2E98484F5C7}.Debug|Any CPU.ActiveCfg = Debug|Any CPU
		{02704094-A611-49A8-B98A-A2E98484F5C7}.Debug|Any CPU.Build.0 = Debug|Any CPU
		{02704094-A611-49A8-B98A-A2E98484F5C7}.Release|Any CPU.ActiveCfg = Release|Any CPU
		{02704094-A611-49A8-B98A-A2E98484F5C7}.Release|Any CPU.Build.0 = Release|Any CPU
		{A6459720-3E4D-4A1C-8F6E-82E562497F11}.Debug|Any CPU.ActiveCfg = Debug|Any CPU
		{A6459720-3E4D-4A1C-8F6E-82E562497F11}.Debug|Any CPU.Build.0 = Debug|Any CPU
		{A6459720-3E4D-4A1C-8F6E-82E562497F11}.Release|Any CPU.ActiveCfg = Release|Any CPU
		{A6459720-3E4D-4A1C-8F6E-82E562497F11}.Release|Any CPU.Build.0 = Release|Any CPU
		{6E418ABF-EF53-D33A-C078-59CFB4D0E7DA}.Debug|Any CPU.ActiveCfg = Debug|Any CPU
		{6E418ABF-EF53-D33A-C078-59CFB4D0E7DA}.Debug|Any CPU.Build.0 = Debug|Any CPU
		{6E418ABF-EF53-D33A-C078-59CFB4D0E7DA}.Release|Any CPU.ActiveCfg = Release|Any CPU
		{6E418ABF-EF53-D33A-C078-59CFB4D0E7DA}.Release|Any CPU.Build.0 = Release|Any CPU
		{47FEE801-6BB4-406C-97E2-F640C62822FC}.Debug|Any CPU.ActiveCfg = Debug|Any CPU
		{47FEE801-6BB4-406C-97E2-F640C62822FC}.Debug|Any CPU.Build.0 = Debug|Any CPU
		{47FEE801-6BB4-406C-97E2-F640C62822FC}.Release|Any CPU.ActiveCfg = Release|Any CPU
		{47FEE801-6BB4-406C-97E2-F640C62822FC}.Release|Any CPU.Build.0 = Release|Any CPU
		{1A54C3FC-900B-AAEA-3502-101EF4241700}.Debug|Any CPU.ActiveCfg = Debug|Any CPU
		{1A54C3FC-900B-AAEA-3502-101EF4241700}.Debug|Any CPU.Build.0 = Debug|Any CPU
		{1A54C3FC-900B-AAEA-3502-101EF4241700}.Release|Any CPU.ActiveCfg = Release|Any CPU
		{1A54C3FC-900B-AAEA-3502-101EF4241700}.Release|Any CPU.Build.0 = Release|Any CPU
		{5615B7B1-ECC0-F755-468D-5463682CF3B7}.Debug|Any CPU.ActiveCfg = Debug|Any CPU
		{5615B7B1-ECC0-F755-468D-5463682CF3B7}.Debug|Any CPU.Build.0 = Debug|Any CPU
		{5615B7B1-ECC0-F755-468D-5463682CF3B7}.Release|Any CPU.ActiveCfg = Release|Any CPU
		{5615B7B1-ECC0-F755-468D-5463682CF3B7}.Release|Any CPU.Build.0 = Release|Any CPU
		{7C2AA9BE-822C-143E-1EDD-8E51C7A4BE42}.Debug|Any CPU.ActiveCfg = Debug|Any CPU
		{7C2AA9BE-822C-143E-1EDD-8E51C7A4BE42}.Debug|Any CPU.Build.0 = Debug|Any CPU
		{7C2AA9BE-822C-143E-1EDD-8E51C7A4BE42}.Release|Any CPU.ActiveCfg = Release|Any CPU
		{7C2AA9BE-822C-143E-1EDD-8E51C7A4BE42}.Release|Any CPU.Build.0 = Release|Any CPU
		{ED8E860C-C749-C6DB-D3FB-82FE672885BA}.Debug|Any CPU.ActiveCfg = Debug|Any CPU
		{ED8E860C-C749-C6DB-D3FB-82FE672885BA}.Debug|Any CPU.Build.0 = Debug|Any CPU
		{ED8E860C-C749-C6DB-D3FB-82FE672885BA}.Release|Any CPU.ActiveCfg = Release|Any CPU
		{ED8E860C-C749-C6DB-D3FB-82FE672885BA}.Release|Any CPU.Build.0 = Release|Any CPU
		{8FAF4AC5-D5A8-8A87-7790-15E779541B59}.Debug|Any CPU.ActiveCfg = Debug|Any CPU
		{8FAF4AC5-D5A8-8A87-7790-15E779541B59}.Debug|Any CPU.Build.0 = Debug|Any CPU
		{8FAF4AC5-D5A8-8A87-7790-15E779541B59}.Release|Any CPU.ActiveCfg = Release|Any CPU
		{8FAF4AC5-D5A8-8A87-7790-15E779541B59}.Release|Any CPU.Build.0 = Release|Any CPU
		{BD738452-83FF-4136-BBC9-31108B66E916}.Debug|Any CPU.ActiveCfg = Debug|Any CPU
		{BD738452-83FF-4136-BBC9-31108B66E916}.Debug|Any CPU.Build.0 = Debug|Any CPU
		{BD738452-83FF-4136-BBC9-31108B66E916}.Release|Any CPU.ActiveCfg = Release|Any CPU
		{BD738452-83FF-4136-BBC9-31108B66E916}.Release|Any CPU.Build.0 = Release|Any CPU
		{0E8A84B2-0302-612B-CAE3-A2470D557EE0}.Debug|Any CPU.ActiveCfg = Debug|Any CPU
		{0E8A84B2-0302-612B-CAE3-A2470D557EE0}.Debug|Any CPU.Build.0 = Debug|Any CPU
		{0E8A84B2-0302-612B-CAE3-A2470D557EE0}.Release|Any CPU.ActiveCfg = Release|Any CPU
		{0E8A84B2-0302-612B-CAE3-A2470D557EE0}.Release|Any CPU.Build.0 = Release|Any CPU
		{226E395B-45AF-A62B-18F0-51A98746C863}.Debug|Any CPU.ActiveCfg = Debug|Any CPU
		{226E395B-45AF-A62B-18F0-51A98746C863}.Debug|Any CPU.Build.0 = Debug|Any CPU
		{226E395B-45AF-A62B-18F0-51A98746C863}.Release|Any CPU.ActiveCfg = Release|Any CPU
		{226E395B-45AF-A62B-18F0-51A98746C863}.Release|Any CPU.Build.0 = Release|Any CPU
		{D1BD588D-C848-4E65-3ACA-5611FA00266D}.Debug|Any CPU.ActiveCfg = Debug|Any CPU
		{D1BD588D-C848-4E65-3ACA-5611FA00266D}.Debug|Any CPU.Build.0 = Debug|Any CPU
		{D1BD588D-C848-4E65-3ACA-5611FA00266D}.Release|Any CPU.ActiveCfg = Release|Any CPU
		{D1BD588D-C848-4E65-3ACA-5611FA00266D}.Release|Any CPU.Build.0 = Release|Any CPU
	EndGlobalSection
	GlobalSection(SolutionProperties) = preSolution
		HideSolutionNode = FALSE
	EndGlobalSection
	GlobalSection(NestedProjects) = preSolution
		{95E2672C-7D03-40A9-8100-FD2921231695} = {02EA681E-C7D8-13C7-8484-4AC65E1B71E8}
		{7DCEA063-2A52-451B-A80A-E9CC0F50F999} = {95E2672C-7D03-40A9-8100-FD2921231695}
		{060A5F4A-027A-4DB2-84D8-57AB8CD97B0A} = {95E2672C-7D03-40A9-8100-FD2921231695}
		{396C0D7C-55B8-4DAD-8350-742400AA7D65} = {95E2672C-7D03-40A9-8100-FD2921231695}
		{F2A1093B-F677-46C7-8FEC-774584222391} = {7DCEA063-2A52-451B-A80A-E9CC0F50F999}
		{02704094-A611-49A8-B98A-A2E98484F5C7} = {7DCEA063-2A52-451B-A80A-E9CC0F50F999}
		{A6459720-3E4D-4A1C-8F6E-82E562497F11} = {7DCEA063-2A52-451B-A80A-E9CC0F50F999}
		{0E7F6D28-50E0-4E6C-AA2E-70F11961D271} = {02EA681E-C7D8-13C7-8484-4AC65E1B71E8}
		{6E418ABF-EF53-D33A-C078-59CFB4D0E7DA} = {0E7F6D28-50E0-4E6C-AA2E-70F11961D271}
		{47FEE801-6BB4-406C-97E2-F640C62822FC} = {7DCEA063-2A52-451B-A80A-E9CC0F50F999}
		{1A54C3FC-900B-AAEA-3502-101EF4241700} = {02EA681E-C7D8-13C7-8484-4AC65E1B71E8}
		{5615B7B1-ECC0-F755-468D-5463682CF3B7} = {060A5F4A-027A-4DB2-84D8-57AB8CD97B0A}
		{7C2AA9BE-822C-143E-1EDD-8E51C7A4BE42} = {060A5F4A-027A-4DB2-84D8-57AB8CD97B0A}
		{ED8E860C-C749-C6DB-D3FB-82FE672885BA} = {060A5F4A-027A-4DB2-84D8-57AB8CD97B0A}
		{8FAF4AC5-D5A8-8A87-7790-15E779541B59} = {060A5F4A-027A-4DB2-84D8-57AB8CD97B0A}
		{BD738452-83FF-4136-BBC9-31108B66E916} = {396C0D7C-55B8-4DAD-8350-742400AA7D65}
		{0E8A84B2-0302-612B-CAE3-A2470D557EE0} = {396C0D7C-55B8-4DAD-8350-742400AA7D65}
		{226E395B-45AF-A62B-18F0-51A98746C863} = {396C0D7C-55B8-4DAD-8350-742400AA7D65}
		{D1BD588D-C848-4E65-3ACA-5611FA00266D} = {396C0D7C-55B8-4DAD-8350-742400AA7D65}
	EndGlobalSection
	GlobalSection(ExtensibilityGlobals) = postSolution
		SolutionGuid = {34DDE65E-7EDA-4212-B68B-9776B2F276DE}
	EndGlobalSection
EndGlobal
